
Microsoft Visual Studio Solution File, Format Version 12.00
# Visual Studio Version 16
VisualStudioVersion = 16.0.30717.126
MinimumVisualStudioVersion = 10.0.40219.1
Project("{FAE04EC0-301F-11D3-BF4B-00C04F79EFBC}") = "Fitness.BL", "Fitness.BL\Fitness.BL.csproj", "{07861156-F65E-4AB2-B313-04B2943C9370}"
EndProject
Project("{FAE04EC0-301F-11D3-BF4B-00C04F79EFBC}") = "Fitness.CMD", "Fitness.CMD\Fitness.CMD.csproj", "{994A71D1-44F0-485F-A6C2-B95DFC2AA889}"
EndProject
Global
	GlobalSection(SolutionConfigurationPlatforms) = preSolution
		Debug|Any CPU = Debug|Any CPU
		Release|Any CPU = Release|Any CPU
	EndGlobalSection
	GlobalSection(ProjectConfigurationPlatforms) = postSolution
		{07861156-F65E-4AB2-B313-04B2943C9370}.Debug|Any CPU.ActiveCfg = Debug|Any CPU
		{07861156-F65E-4AB2-B313-04B2943C9370}.Debug|Any CPU.Build.0 = Debug|Any CPU
		{07861156-F65E-4AB2-B313-04B2943C9370}.Release|Any CPU.ActiveCfg = Release|Any CPU
		{07861156-F65E-4AB2-B313-04B2943C9370}.Release|Any CPU.Build.0 = Release|Any CPU
		{994A71D1-44F0-485F-A6C2-B95DFC2AA889}.Debug|Any CPU.ActiveCfg = Debug|Any CPU
		{994A71D1-44F0-485F-A6C2-B95DFC2AA889}.Debug|Any CPU.Build.0 = Debug|Any CPU
		{994A71D1-44F0-485F-A6C2-B95DFC2AA889}.Release|Any CPU.ActiveCfg = Release|Any CPU
		{994A71D1-44F0-485F-A6C2-B95DFC2AA889}.Release|Any CPU.Build.0 = Release|Any CPU
	EndGlobalSection
	GlobalSection(SolutionProperties) = preSolution
		HideSolutionNode = FALSE
	EndGlobalSection
	GlobalSection(ExtensibilityGlobals) = postSolution
		SolutionGuid = {873A8990-69FD-4588-9D94-0F4C9D10F256}
	EndGlobalSection
EndGlobal
